// !$*UTF8*$!
{
	archiveVersion = 1;
	classes = {
	};
	objectVersion = 55;
	objects = {

/* Begin PBXBuildFile section */
		3F22CD8E27A98F4200952BAE /* AppDelegate.swift in Sources */ = {isa = PBXBuildFile; fileRef = 3F22CD8D27A98F4200952BAE /* AppDelegate.swift */; };
		3F22CD9027A98F4200952BAE /* SceneDelegate.swift in Sources */ = {isa = PBXBuildFile; fileRef = 3F22CD8F27A98F4200952BAE /* SceneDelegate.swift */; };
		3F22CD9227A98F4200952BAE /* ViewController.swift in Sources */ = {isa = PBXBuildFile; fileRef = 3F22CD9127A98F4200952BAE /* ViewController.swift */; };
		3F22CD9527A98F4200952BAE /* Main.storyboard in Resources */ = {isa = PBXBuildFile; fileRef = 3F22CD9327A98F4200952BAE /* Main.storyboard */; };
		3F22CD9827A98F4200952BAE /* Kumbham_NithinReddy.xcdatamodeld in Sources */ = {isa = PBXBuildFile; fileRef = 3F22CD9627A98F4200952BAE /* Kumbham_NithinReddy.xcdatamodeld */; };
		3F22CD9A27A98F4B00952BAE /* Assets.xcassets in Resources */ = {isa = PBXBuildFile; fileRef = 3F22CD9927A98F4B00952BAE /* Assets.xcassets */; };
		3F22CD9D27A98F4B00952BAE /* LaunchScreen.storyboard in Resources */ = {isa = PBXBuildFile; fileRef = 3F22CD9B27A98F4B00952BAE /* LaunchScreen.storyboard */; };
/* End PBXBuildFile section */

/* Begin PBXFileReference section */
		3F22CD8A27A98F4200952BAE /* Kumbham_NithinReddy.app */ = {isa = PBXFileReference; explicitFileType = wrapper.application; includeInIndex = 0; path = Kumbham_NithinReddy.app; sourceTree = BUILT_PRODUCTS_DIR; };
		3F22CD8D27A98F4200952BAE /* AppDelegate.swift */ = {isa = PBXFileReference; lastKnownFileType = sourcecode.swift; path = AppDelegate.swift; sourceTree = "<group>"; };
		3F22CD8F27A98F4200952BAE /* SceneDelegate.swift */ = {isa = PBXFileReference; lastKnownFileType = sourcecode.swift; path = SceneDelegate.swift; sourceTree = "<group>"; };
		3F22CD9127A98F4200952BAE /* ViewController.swift */ = {isa = PBXFileReference; lastKnownFileType = sourcecode.swift; path = ViewController.swift; sourceTree = "<group>"; };
		3F22CD9427A98F4200952BAE /* Base */ = {isa = PBXFileReference; lastKnownFileType = file.storyboard; name = Base; path = Base.lproj/Main.storyboard; sourceTree = "<group>"; };
		3F22CD9727A98F4200952BAE /* Kumbham_NithinReddy.xcdatamodel */ = {isa = PBXFileReference; lastKnownFileType = wrapper.xcdatamodel; path = Kumbham_NithinReddy.xcdatamodel; sourceTree = "<group>"; };
		3F22CD9927A98F4B00952BAE /* Assets.xcassets */ = {isa = PBXFileReference; lastKnownFileType = folder.assetcatalog; path = Assets.xcassets; sourceTree = "<group>"; };
		3F22CD9C27A98F4B00952BAE /* Base */ = {isa = PBXFileReference; lastKnownFileType = file.storyboard; name = Base; path = Base.lproj/LaunchScreen.storyboard; sourceTree = "<group>"; };
		3F22CD9E27A98F4B00952BAE /* Info.plist */ = {isa = PBXFileReference; lastKnownFileType = text.plist.xml; path = Info.plist; sourceTree = "<group>"; };
/* End PBXFileReference section */

/* Begin PBXFrameworksBuildPhase section */
		3F22CD8727A98F4200952BAE /* Frameworks */ = {
			isa = PBXFrameworksBuildPhase;
			buildActionMask = 2147483647;
			files = (
			);
			runOnlyForDeploymentPostprocessing = 0;
		};
/* End PBXFrameworksBuildPhase section */

/* Begin PBXGroup section */
		3F22CD8127A98F4200952BAE = {
			isa = PBXGroup;
			children = (
				3F22CD8C27A98F4200952BAE /* Kumbham_NithinReddy */,
				3F22CD8B27A98F4200952BAE /* Products */,
			);
			sourceTree = "<group>";
		};
		3F22CD8B27A98F4200952BAE /* Products */ = {
			isa = PBXGroup;
			children = (
				3F22CD8A27A98F4200952BAE /* Kumbham_NithinReddy.app */,
			);
			name = Products;
			sourceTree = "<group>";
		};
		3F22CD8C27A98F4200952BAE /* Kumbham_NithinReddy */ = {
			isa = PBXGroup;
			children = (
				3F22CD8D27A98F4200952BAE /* AppDelegate.swift */,
				3F22CD8F27A98F4200952BAE /* SceneDelegate.swift */,
				3F22CD9127A98F4200952BAE /* ViewController.swift */,
				3F22CD9327A98F4200952BAE /* Main.storyboard */,
				3F22CD9927A98F4B00952BAE /* Assets.xcassets */,
				3F22CD9B27A98F4B00952BAE /* LaunchScreen.storyboard */,
				3F22CD9E27A98F4B00952BAE /* Info.plist */,
				3F22CD9627A98F4200952BAE /* Kumbham_NithinReddy.xcdatamodeld */,
			);
			path = Kumbham_NithinReddy;
			sourceTree = "<group>";
		};
/* End PBXGroup section */

/* Begin PBXNativeTarget section */
		3F22CD8927A98F4200952BAE /* Kumbham_NithinReddy */ = {
			isa = PBXNativeTarget;
			buildConfigurationList = 3F22CDA127A98F4B00952BAE /* Build configuration list for PBXNativeTarget "Kumbham_NithinReddy" */;
			buildPhases = (
				3F22CD8627A98F4200952BAE /* Sources */,
				3F22CD8727A98F4200952BAE /* Frameworks */,
				3F22CD8827A98F4200952BAE /* Resources */,
			);
			buildRules = (
			);
			dependencies = (
			);
			name = Kumbham_NithinReddy;
			productName = Kumbham_NithinReddy;
			productReference = 3F22CD8A27A98F4200952BAE /* Kumbham_NithinReddy.app */;
			productType = "com.apple.product-type.application";
		};
/* End PBXNativeTarget section */

/* Begin PBXProject section */
		3F22CD8227A98F4200952BAE /* Project object */ = {
			isa = PBXProject;
			attributes = {
				BuildIndependentTargetsInParallel = 1;
				LastSwiftUpdateCheck = 1310;
				LastUpgradeCheck = 1310;
				TargetAttributes = {
					3F22CD8927A98F4200952BAE = {
						CreatedOnToolsVersion = 13.1;
					};
				};
			};
			buildConfigurationList = 3F22CD8527A98F4200952BAE /* Build configuration list for PBXProject "Kumbham_NithinReddy" */;
			compatibilityVersion = "Xcode 13.0";
			developmentRegion = en;
			hasScannedForEncodings = 0;
			knownRegions = (
				en,
				Base,
			);
			mainGroup = 3F22CD8127A98F4200952BAE;
			productRefGroup = 3F22CD8B27A98F4200952BAE /* Products */;
			projectDirPath = "";
			projectRoot = "";
			targets = (
				3F22CD8927A98F4200952BAE /* Kumbham_NithinReddy */,
			);
		};
/* End PBXProject section */

/* Begin PBXResourcesBuildPhase section */
		3F22CD8827A98F4200952BAE /* Resources */ = {
			isa = PBXResourcesBuildPhase;
			buildActionMask = 2147483647;
			files = (
				3F22CD9D27A98F4B00952BAE /* LaunchScreen.storyboard in Resources */,
				3F22CD9A27A98F4B00952BAE /* Assets.xcassets in Resources */,
				3F22CD9527A98F4200952BAE /* Main.storyboard in Resources */,
			);
			runOnlyForDeploymentPostprocessing = 0;
		};
/* End PBXResourcesBuildPhase section */

/* Begin PBXSourcesBuildPhase section */
		3F22CD8627A98F4200952BAE /* Sources */ = {
			isa = PBXSourcesBuildPhase;
			buildActionMask = 2147483647;
			files = (
				3F22CD9827A98F4200952BAE /* Kumbham_NithinReddy.xcdatamodeld in Sources */,
				3F22CD9227A98F4200952BAE /* ViewController.swift in Sources */,
				3F22CD8E27A98F4200952BAE /* AppDelegate.swift in Sources */,
				3F22CD9027A98F4200952BAE /* SceneDelegate.swift in Sources */,
			);
			runOnlyForDeploymentPostprocessing = 0;
		};
/* End PBXSourcesBuildPhase section */

/* Begin PBXVariantGroup section */
		3F22CD9327A98F4200952BAE /* Main.storyboard */ = {
			isa = PBXVariantGroup;
			children = (
				3F22CD9427A98F4200952BAE /* Base */,
			);
			name = Main.storyboard;
			sourceTree = "<group>";
		};
		3F22CD9B27A98F4B00952BAE /* LaunchScreen.storyboard */ = {
			isa = PBXVariantGroup;
			children = (
				3F22CD9C27A98F4B00952BAE /* Base */,
			);
			name = LaunchScreen.storyboard;
			sourceTree = "<group>";
		};
/* End PBXVariantGroup section */

/* Begin XCBuildConfiguration section */
		3F22CD9F27A98F4B00952BAE /* Debug */ = {
			isa = XCBuildConfiguration;
			buildSettings = {
				ALWAYS_SEARCH_USER_PATHS = NO;
				CLANG_ANALYZER_NONNULL = YES;
				CLANG_ANALYZER_NUMBER_OBJECT_CONVERSION = YES_AGGRESSIVE;
				CLANG_CXX_LANGUAGE_STANDARD = "gnu++17";
				CLANG_CXX_LIBRARY = "libc++";
				CLANG_ENABLE_MODULES = YES;
				CLANG_ENABLE_OBJC_ARC = YES;
				CLANG_ENABLE_OBJC_WEAK = YES;
				CLANG_WARN_BLOCK_CAPTURE_AUTORELEASING = YES;
				CLANG_WARN_BOOL_CONVERSION = YES;
				CLANG_WARN_COMMA = YES;
				CLANG_WARN_CONSTANT_CONVERSION = YES;
				CLANG_WARN_DEPRECATED_OBJC_IMPLEMENTATIONS = YES;
				CLANG_WARN_DIRECT_OBJC_ISA_USAGE = YES_ERROR;
				CLANG_WARN_DOCUMENTATION_COMMENTS = YES;
				CLANG_WARN_EMPTY_BODY = YES;
				CLANG_WARN_ENUM_CONVERSION = YES;
				CLANG_WARN_INFINITE_RECURSION = YES;
				CLANG_WARN_INT_CONVERSION = YES;
				CLANG_WARN_NON_LITERAL_NULL_CONVERSION = YES;
				CLANG_WARN_OBJC_IMPLICIT_RETAIN_SELF = YES;
				CLANG_WARN_OBJC_LITERAL_CONVERSION = YES;
				CLANG_WARN_OBJC_ROOT_CLASS = YES_ERROR;
				CLANG_WARN_QUOTED_INCLUDE_IN_FRAMEWORK_HEADER = YES;
				CLANG_WARN_RANGE_LOOP_ANALYSIS = YES;
				CLANG_WARN_STRICT_PROTOTYPES = YES;
				CLANG_WARN_SUSPICIOUS_MOVE = YES;
				CLANG_WARN_UNGUARDED_AVAILABILITY = YES_AGGRESSIVE;
				CLANG_WARN_UNREACHABLE_CODE = YES;
				CLANG_WARN__DUPLICATE_METHOD_MATCH = YES;
				COPY_PHASE_STRIP = NO;
				DEBUG_INFORMATION_FORMAT = dwarf;
				ENABLE_STRICT_OBJC_MSGSEND = YES;
				ENABLE_TESTABILITY = YES;
				GCC_C_LANGUAGE_STANDARD = gnu11;
				GCC_DYNAMIC_NO_PIC = NO;
				GCC_NO_COMMON_BLOCKS = YES;
				GCC_OPTIMIZATION_LEVEL = 0;
				GCC_PREPROCESSOR_DEFINITIONS = (
					"DEBUG=1",
					"$(inherited)",
				);
				GCC_WARN_64_TO_32_BIT_CONVERSION = YES;
				GCC_WARN_ABOUT_RETURN_TYPE = YES_ERROR;
				GCC_WARN_UNDECLARED_SELECTOR = YES;
				GCC_WARN_UNINITIALIZED_AUTOS = YES_AGGRESSIVE;
				GCC_WARN_UNUSED_FUNCTION = YES;
				GCC_WARN_UNUSED_VARIABLE = YES;
				IPHONEOS_DEPLOYMENT_TARGET = 15.0;
				MTL_ENABLE_DEBUG_INFO = INCLUDE_SOURCE;
				MTL_FAST_MATH = YES;
				ONLY_ACTIVE_ARCH = YES;
				SDKROOT = iphoneos;
				SWIFT_ACTIVE_COMPILATION_CONDITIONS = DEBUG;
				SWIFT_OPTIMIZATION_LEVEL = "-Onone";
			};
			name = Debug;
		};
		3F22CDA027A98F4B00952BAE /* Release */ = {
			isa = XCBuildConfiguration;
			buildSettings = {
				ALWAYS_SEARCH_USER_PATHS = NO;
				CLANG_ANALYZER_NONNULL = YES;
				CLANG_ANALYZER_NUMBER_OBJECT_CONVERSION = YES_AGGRESSIVE;
				CLANG_CXX_LANGUAGE_STANDARD = "gnu++17";
				CLANG_CXX_LIBRARY = "libc++";
				CLANG_ENABLE_MODULES = YES;
				CLANG_ENABLE_OBJC_ARC = YES;
				CLANG_ENABLE_OBJC_WEAK = YES;
				CLANG_WARN_BLOCK_CAPTURE_AUTORELEASING = YES;
				CLANG_WARN_BOOL_CONVERSION = YES;
				CLANG_WARN_COMMA = YES;
				CLANG_WARN_CONSTANT_CONVERSION = YES;
				CLANG_WARN_DEPRECATED_OBJC_IMPLEMENTATIONS = YES;
				CLANG_WARN_DIRECT_OBJC_ISA_USAGE = YES_ERROR;
				CLANG_WARN_DOCUMENTATION_COMMENTS = YES;
				CLANG_WARN_EMPTY_BODY = YES;
				CLANG_WARN_ENUM_CONVERSION = YES;
				CLANG_WARN_INFINITE_RECURSION = YES;
				CLANG_WARN_INT_CONVERSION = YES;
				CLANG_WARN_NON_LITERAL_NULL_CONVERSION = YES;
				CLANG_WARN_OBJC_IMPLICIT_RETAIN_SELF = YES;
				CLANG_WARN_OBJC_LITERAL_CONVERSION = YES;
				CLANG_WARN_OBJC_ROOT_CLASS = YES_ERROR;
				CLANG_WARN_QUOTED_INCLUDE_IN_FRAMEWORK_HEADER = YES;
				CLANG_WARN_RANGE_LOOP_ANALYSIS = YES;
				CLANG_WARN_STRICT_PROTOTYPES = YES;
				CLANG_WARN_SUSPICIOUS_MOVE = YES;
				CLANG_WARN_UNGUARDED_AVAILABILITY = YES_AGGRESSIVE;
				CLANG_WARN_UNREACHABLE_CODE = YES;
				CLANG_WARN__DUPLICATE_METHOD_MATCH = YES;
				COPY_PHASE_STRIP = NO;
				DEBUG_INFORMATION_FORMAT = "dwarf-with-dsym";
				ENABLE_NS_ASSERTIONS = NO;
				ENABLE_STRICT_OBJC_MSGSEND = YES;
				GCC_C_LANGUAGE_STANDARD = gnu11;
				GCC_NO_COMMON_BLOCKS = YES;
				GCC_WARN_64_TO_32_BIT_CONVERSION = YES;
				GCC_WARN_ABOUT_RETURN_TYPE = YES_ERROR;
				GCC_WARN_UNDECLARED_SELECTOR = YES;
				GCC_WARN_UNINITIALIZED_AUTOS = YES_AGGRESSIVE;
				GCC_WARN_UNUSED_FUNCTION = YES;
				GCC_WARN_UNUSED_VARIABLE = YES;
				IPHONEOS_DEPLOYMENT_TARGET = 15.0;
				MTL_ENABLE_DEBUG_INFO = NO;
				MTL_FAST_MATH = YES;
				SDKROOT = iphoneos;
				SWIFT_COMPILATION_MODE = wholemodule;
				SWIFT_OPTIMIZATION_LEVEL = "-O";
				VALIDATE_PRODUCT = YES;
			};
			name = Release;
		};
		3F22CDA227A98F4B00952BAE /* Debug */ = {
			isa = XCBuildConfiguration;
			buildSettings = {
				ASSETCATALOG_COMPILER_APPICON_NAME = AppIcon;
				ASSETCATALOG_COMPILER_GLOBAL_ACCENT_COLOR_NAME = AccentColor;
				CODE_SIGN_STYLE = Automatic;
				CURRENT_PROJECT_VERSION = 1;
				GENERATE_INFOPLIST_FILE = YES;
				INFOPLIST_FILE = Kumbham_NithinReddy/Info.plist;
				INFOPLIST_KEY_UIApplicationSupportsIndirectInputEvents = YES;
				INFOPLIST_KEY_UILaunchStoryboardName = LaunchScreen;
				INFOPLIST_KEY_UIMainStoryboardFile = Main;
				INFOPLIST_KEY_UISupportedInterfaceOrientations_iPad = "UIInterfaceOrientationPortrait UIInterfaceOrientationPortraitUpsideDown UIInterfaceOrientationLandscapeLeft UIInterfaceOrientationLandscapeRight";
				INFOPLIST_KEY_UISupportedInterfaceOrientations_iPhone = "UIInterfaceOrientationPortrait UIInterfaceOrientationLandscapeLeft UIInterfaceOrientationLandscapeRight";
				LD_RUNPATH_SEARCH_PATHS = (
					"$(inherited)",
					"@executable_path/Frameworks",
				);
				MARKETING_VERSION = 1.0;
				PRODUCT_BUNDLE_IDENTIFIER = "NWMSU.Kumbham-NithinReddy";
				PRODUCT_NAME = "$(TARGET_NAME)";
				SWIFT_EMIT_LOC_STRINGS = YES;
				SWIFT_VERSION = 5.0;
				TARGETED_DEVICE_FAMILY = "1,2";
			};
			name = Debug;
		};
		3F22CDA327A98F4B00952BAE /* Release */ = {
			isa = XCBuildConfiguration;
			buildSettings = {
				ASSETCATALOG_COMPILER_APPICON_NAME = AppIcon;
				ASSETCATALOG_COMPILER_GLOBAL_ACCENT_COLOR_NAME = AccentColor;
				CODE_SIGN_STYLE = Automatic;
				CURRENT_PROJECT_VERSION = 1;
				GENERATE_INFOPLIST_FILE = YES;
				INFOPLIST_FILE = Kumbham_NithinReddy/Info.plist;
				INFOPLIST_KEY_UIApplicationSupportsIndirectInputEvents = YES;
				INFOPLIST_KEY_UILaunchStoryboardName = LaunchScreen;
				INFOPLIST_KEY_UIMainStoryboardFile = Main;
				INFOPLIST_KEY_UISupportedInterfaceOrientations_iPad = "UIInterfaceOrientationPortrait UIInterfaceOrientationPortraitUpsideDown UIInterfaceOrientationLandscapeLeft UIInterfaceOrientationLandscapeRight";
				INFOPLIST_KEY_UISupportedInterfaceOrientations_iPhone = "UIInterfaceOrientationPortrait UIInterfaceOrientationLandscapeLeft UIInterfaceOrientationLandscapeRight";
				LD_RUNPATH_SEARCH_PATHS = (
					"$(inherited)",
					"@executable_path/Frameworks",
				);
				MARKETING_VERSION = 1.0;
				PRODUCT_BUNDLE_IDENTIFIER = "NWMSU.Kumbham-NithinReddy";
				PRODUCT_NAME = "$(TARGET_NAME)";
				SWIFT_EMIT_LOC_STRINGS = YES;
				SWIFT_VERSION = 5.0;
				TARGETED_DEVICE_FAMILY = "1,2";
			};
			name = Release;
		};
/* End XCBuildConfiguration section */

/* Begin XCConfigurationList section */
		3F22CD8527A98F4200952BAE /* Build configuration list for PBXProject "Kumbham_NithinReddy" */ = {
			isa = XCConfigurationList;
			buildConfigurations = (
				3F22CD9F27A98F4B00952BAE /* Debug */,
				3F22CDA027A98F4B00952BAE /* Release */,
			);
			defaultConfigurationIsVisible = 0;
			defaultConfigurationName = Release;
		};
		3F22CDA127A98F4B00952BAE /* Build configuration list for PBXNativeTarget "Kumbham_NithinReddy" */ = {
			isa = XCConfigurationList;
			buildConfigurations = (
				3F22CDA227A98F4B00952BAE /* Debug */,
				3F22CDA327A98F4B00952BAE /* Release */,
			);
			defaultConfigurationIsVisible = 0;
			defaultConfigurationName = Release;
		};
/* End XCConfigurationList section */

/* Begin XCVersionGroup section */
		3F22CD9627A98F4200952BAE /* Kumbham_NithinReddy.xcdatamodeld */ = {
			isa = XCVersionGroup;
			children = (
				3F22CD9727A98F4200952BAE /* Kumbham_NithinReddy.xcdatamodel */,
			);
			currentVersion = 3F22CD9727A98F4200952BAE /* Kumbham_NithinReddy.xcdatamodel */;
			path = Kumbham_NithinReddy.xcdatamodeld;
			sourceTree = "<group>";
			versionGroupType = wrapper.xcdatamodel;
		};
/* End XCVersionGroup section */
	};
	rootObject = 3F22CD8227A98F4200952BAE /* Project object */;
}
