// !$*UTF8*$!
{
	archiveVersion = 1;
	classes = {
	};
	objectVersion = 55;
	objects = {

/* Begin PBXBuildFile section */
		2E18C96327B5A7710071CF07 /* AppDelegate.swift in Sources */ = {isa = PBXBuildFile; fileRef = 2E18C96227B5A7710071CF07 /* AppDelegate.swift */; };
		2E18C96527B5A7710071CF07 /* SceneDelegate.swift in Sources */ = {isa = PBXBuildFile; fileRef = 2E18C96427B5A7710071CF07 /* SceneDelegate.swift */; };
		2E18C96727B5A7710071CF07 /* ViewController.swift in Sources */ = {isa = PBXBuildFile; fileRef = 2E18C96627B5A7710071CF07 /* ViewController.swift */; };
		2E18C96A27B5A7710071CF07 /* Main.storyboard in Resources */ = {isa = PBXBuildFile; fileRef = 2E18C96827B5A7710071CF07 /* Main.storyboard */; };
		2E18C96C27B5A7720071CF07 /* Assets.xcassets in Resources */ = {isa = PBXBuildFile; fileRef = 2E18C96B27B5A7720071CF07 /* Assets.xcassets */; };
		2E18C96F27B5A7720071CF07 /* LaunchScreen.storyboard in Resources */ = {isa = PBXBuildFile; fileRef = 2E18C96D27B5A7720071CF07 /* LaunchScreen.storyboard */; };
		2E18C97A27B5A7720071CF07 /* CourseDisplayTests.swift in Sources */ = {isa = PBXBuildFile; fileRef = 2E18C97927B5A7720071CF07 /* CourseDisplayTests.swift */; };
		2E18C98427B5A7720071CF07 /* CourseDisplayUITests.swift in Sources */ = {isa = PBXBuildFile; fileRef = 2E18C98327B5A7720071CF07 /* CourseDisplayUITests.swift */; };
		2E18C98627B5A7720071CF07 /* CourseDisplayUITestsLaunchTests.swift in Sources */ = {isa = PBXBuildFile; fileRef = 2E18C98527B5A7720071CF07 /* CourseDisplayUITestsLaunchTests.swift */; };
/* End PBXBuildFile section */

/* Begin PBXContainerItemProxy section */
		2E18C97627B5A7720071CF07 /* PBXContainerItemProxy */ = {
			isa = PBXContainerItemProxy;
			containerPortal = 2E18C95727B5A7710071CF07 /* Project object */;
			proxyType = 1;
			remoteGlobalIDString = 2E18C95E27B5A7710071CF07;
			remoteInfo = CourseDisplay;
		};
		2E18C98027B5A7720071CF07 /* PBXContainerItemProxy */ = {
			isa = PBXContainerItemProxy;
			containerPortal = 2E18C95727B5A7710071CF07 /* Project object */;
			proxyType = 1;
			remoteGlobalIDString = 2E18C95E27B5A7710071CF07;
			remoteInfo = CourseDisplay;
		};
/* End PBXContainerItemProxy section */

/* Begin PBXFileReference section */
		2E18C95F27B5A7710071CF07 /* CourseDisplay.app */ = {isa = PBXFileReference; explicitFileType = wrapper.application; includeInIndex = 0; path = CourseDisplay.app; sourceTree = BUILT_PRODUCTS_DIR; };
		2E18C96227B5A7710071CF07 /* AppDelegate.swift */ = {isa = PBXFileReference; lastKnownFileType = sourcecode.swift; path = AppDelegate.swift; sourceTree = "<group>"; };
		2E18C96427B5A7710071CF07 /* SceneDelegate.swift */ = {isa = PBXFileReference; lastKnownFileType = sourcecode.swift; path = SceneDelegate.swift; sourceTree = "<group>"; };
		2E18C96627B5A7710071CF07 /* ViewController.swift */ = {isa = PBXFileReference; lastKnownFileType = sourcecode.swift; path = ViewController.swift; sourceTree = "<group>"; };
		2E18C96927B5A7710071CF07 /* Base */ = {isa = PBXFileReference; lastKnownFileType = file.storyboard; name = Base; path = Base.lproj/Main.storyboard; sourceTree = "<group>"; };
		2E18C96B27B5A7720071CF07 /* Assets.xcassets */ = {isa = PBXFileReference; lastKnownFileType = folder.assetcatalog; path = Assets.xcassets; sourceTree = "<group>"; };
		2E18C96E27B5A7720071CF07 /* Base */ = {isa = PBXFileReference; lastKnownFileType = file.storyboard; name = Base; path = Base.lproj/LaunchScreen.storyboard; sourceTree = "<group>"; };
		2E18C97027B5A7720071CF07 /* Info.plist */ = {isa = PBXFileReference; lastKnownFileType = text.plist.xml; path = Info.plist; sourceTree = "<group>"; };
		2E18C97527B5A7720071CF07 /* CourseDisplayTests.xctest */ = {isa = PBXFileReference; explicitFileType = wrapper.cfbundle; includeInIndex = 0; path = CourseDisplayTests.xctest; sourceTree = BUILT_PRODUCTS_DIR; };
		2E18C97927B5A7720071CF07 /* CourseDisplayTests.swift */ = {isa = PBXFileReference; lastKnownFileType = sourcecode.swift; path = CourseDisplayTests.swift; sourceTree = "<group>"; };
		2E18C97F27B5A7720071CF07 /* CourseDisplayUITests.xctest */ = {isa = PBXFileReference; explicitFileType = wrapper.cfbundle; includeInIndex = 0; path = CourseDisplayUITests.xctest; sourceTree = BUILT_PRODUCTS_DIR; };
		2E18C98327B5A7720071CF07 /* CourseDisplayUITests.swift */ = {isa = PBXFileReference; lastKnownFileType = sourcecode.swift; path = CourseDisplayUITests.swift; sourceTree = "<group>"; };
		2E18C98527B5A7720071CF07 /* CourseDisplayUITestsLaunchTests.swift */ = {isa = PBXFileReference; lastKnownFileType = sourcecode.swift; path = CourseDisplayUITestsLaunchTests.swift; sourceTree = "<group>"; };
/* End PBXFileReference section */

/* Begin PBXFrameworksBuildPhase section */
		2E18C95C27B5A7710071CF07 /* Frameworks */ = {
			isa = PBXFrameworksBuildPhase;
			buildActionMask = 2147483647;
			files = (
			);
			runOnlyForDeploymentPostprocessing = 0;
		};
		2E18C97227B5A7720071CF07 /* Frameworks */ = {
			isa = PBXFrameworksBuildPhase;
			buildActionMask = 2147483647;
			files = (
			);
			runOnlyForDeploymentPostprocessing = 0;
		};
		2E18C97C27B5A7720071CF07 /* Frameworks */ = {
			isa = PBXFrameworksBuildPhase;
			buildActionMask = 2147483647;
			files = (
			);
			runOnlyForDeploymentPostprocessing = 0;
		};
/* End PBXFrameworksBuildPhase section */

/* Begin PBXGroup section */
		2E18C95627B5A7710071CF07 = {
			isa = PBXGroup;
			children = (
				2E18C96127B5A7710071CF07 /* CourseDisplay */,
				2E18C97827B5A7720071CF07 /* CourseDisplayTests */,
				2E18C98227B5A7720071CF07 /* CourseDisplayUITests */,
				2E18C96027B5A7710071CF07 /* Products */,
			);
			sourceTree = "<group>";
		};
		2E18C96027B5A7710071CF07 /* Products */ = {
			isa = PBXGroup;
			children = (
				2E18C95F27B5A7710071CF07 /* CourseDisplay.app */,
				2E18C97527B5A7720071CF07 /* CourseDisplayTests.xctest */,
				2E18C97F27B5A7720071CF07 /* CourseDisplayUITests.xctest */,
			);
			name = Products;
			sourceTree = "<group>";
		};
		2E18C96127B5A7710071CF07 /* CourseDisplay */ = {
			isa = PBXGroup;
			children = (
				2E18C96227B5A7710071CF07 /* AppDelegate.swift */,
				2E18C96427B5A7710071CF07 /* SceneDelegate.swift */,
				2E18C96627B5A7710071CF07 /* ViewController.swift */,
				2E18C96827B5A7710071CF07 /* Main.storyboard */,
				2E18C96B27B5A7720071CF07 /* Assets.xcassets */,
				2E18C96D27B5A7720071CF07 /* LaunchScreen.storyboard */,
				2E18C97027B5A7720071CF07 /* Info.plist */,
			);
			path = CourseDisplay;
			sourceTree = "<group>";
		};
		2E18C97827B5A7720071CF07 /* CourseDisplayTests */ = {
			isa = PBXGroup;
			children = (
				2E18C97927B5A7720071CF07 /* CourseDisplayTests.swift */,
			);
			path = CourseDisplayTests;
			sourceTree = "<group>";
		};
		2E18C98227B5A7720071CF07 /* CourseDisplayUITests */ = {
			isa = PBXGroup;
			children = (
				2E18C98327B5A7720071CF07 /* CourseDisplayUITests.swift */,
				2E18C98527B5A7720071CF07 /* CourseDisplayUITestsLaunchTests.swift */,
			);
			path = CourseDisplayUITests;
			sourceTree = "<group>";
		};
/* End PBXGroup section */

/* Begin PBXNativeTarget section */
		2E18C95E27B5A7710071CF07 /* CourseDisplay */ = {
			isa = PBXNativeTarget;
			buildConfigurationList = 2E18C98927B5A7720071CF07 /* Build configuration list for PBXNativeTarget "CourseDisplay" */;
			buildPhases = (
				2E18C95B27B5A7710071CF07 /* Sources */,
				2E18C95C27B5A7710071CF07 /* Frameworks */,
				2E18C95D27B5A7710071CF07 /* Resources */,
			);
			buildRules = (
			);
			dependencies = (
			);
			name = CourseDisplay;
			productName = CourseDisplay;
			productReference = 2E18C95F27B5A7710071CF07 /* CourseDisplay.app */;
			productType = "com.apple.product-type.application";
		};
		2E18C97427B5A7720071CF07 /* CourseDisplayTests */ = {
			isa = PBXNativeTarget;
			buildConfigurationList = 2E18C98C27B5A7730071CF07 /* Build configuration list for PBXNativeTarget "CourseDisplayTests" */;
			buildPhases = (
				2E18C97127B5A7720071CF07 /* Sources */,
				2E18C97227B5A7720071CF07 /* Frameworks */,
				2E18C97327B5A7720071CF07 /* Resources */,
			);
			buildRules = (
			);
			dependencies = (
				2E18C97727B5A7720071CF07 /* PBXTargetDependency */,
			);
			name = CourseDisplayTests;
			productName = CourseDisplayTests;
			productReference = 2E18C97527B5A7720071CF07 /* CourseDisplayTests.xctest */;
			productType = "com.apple.product-type.bundle.unit-test";
		};
		2E18C97E27B5A7720071CF07 /* CourseDisplayUITests */ = {
			isa = PBXNativeTarget;
			buildConfigurationList = 2E18C98F27B5A7730071CF07 /* Build configuration list for PBXNativeTarget "CourseDisplayUITests" */;
			buildPhases = (
				2E18C97B27B5A7720071CF07 /* Sources */,
				2E18C97C27B5A7720071CF07 /* Frameworks */,
				2E18C97D27B5A7720071CF07 /* Resources */,
			);
			buildRules = (
			);
			dependencies = (
				2E18C98127B5A7720071CF07 /* PBXTargetDependency */,
			);
			name = CourseDisplayUITests;
			productName = CourseDisplayUITests;
			productReference = 2E18C97F27B5A7720071CF07 /* CourseDisplayUITests.xctest */;
			productType = "com.apple.product-type.bundle.ui-testing";
		};
/* End PBXNativeTarget section */

/* Begin PBXProject section */
		2E18C95727B5A7710071CF07 /* Project object */ = {
			isa = PBXProject;
			attributes = {
				BuildIndependentTargetsInParallel = 1;
				LastSwiftUpdateCheck = 1320;
				LastUpgradeCheck = 1320;
				TargetAttributes = {
					2E18C95E27B5A7710071CF07 = {
						CreatedOnToolsVersion = 13.2.1;
					};
					2E18C97427B5A7720071CF07 = {
						CreatedOnToolsVersion = 13.2.1;
						TestTargetID = 2E18C95E27B5A7710071CF07;
					};
					2E18C97E27B5A7720071CF07 = {
						CreatedOnToolsVersion = 13.2.1;
						TestTargetID = 2E18C95E27B5A7710071CF07;
					};
				};
			};
			buildConfigurationList = 2E18C95A27B5A7710071CF07 /* Build configuration list for PBXProject "CourseDisplay" */;
			compatibilityVersion = "Xcode 13.0";
			developmentRegion = en;
			hasScannedForEncodings = 0;
			knownRegions = (
				en,
				Base,
			);
			mainGroup = 2E18C95627B5A7710071CF07;
			productRefGroup = 2E18C96027B5A7710071CF07 /* Products */;
			projectDirPath = "";
			projectRoot = "";
			targets = (
				2E18C95E27B5A7710071CF07 /* CourseDisplay */,
				2E18C97427B5A7720071CF07 /* CourseDisplayTests */,
				2E18C97E27B5A7720071CF07 /* CourseDisplayUITests */,
			);
		};
/* End PBXProject section */

/* Begin PBXResourcesBuildPhase section */
		2E18C95D27B5A7710071CF07 /* Resources */ = {
			isa = PBXResourcesBuildPhase;
			buildActionMask = 2147483647;
			files = (
				2E18C96F27B5A7720071CF07 /* LaunchScreen.storyboard in Resources */,
				2E18C96C27B5A7720071CF07 /* Assets.xcassets in Resources */,
				2E18C96A27B5A7710071CF07 /* Main.storyboard in Resources */,
			);
			runOnlyForDeploymentPostprocessing = 0;
		};
		2E18C97327B5A7720071CF07 /* Resources */ = {
			isa = PBXResourcesBuildPhase;
			buildActionMask = 2147483647;
			files = (
			);
			runOnlyForDeploymentPostprocessing = 0;
		};
		2E18C97D27B5A7720071CF07 /* Resources */ = {
			isa = PBXResourcesBuildPhase;
			buildActionMask = 2147483647;
			files = (
			);
			runOnlyForDeploymentPostprocessing = 0;
		};
/* End PBXResourcesBuildPhase section */

/* Begin PBXSourcesBuildPhase section */
		2E18C95B27B5A7710071CF07 /* Sources */ = {
			isa = PBXSourcesBuildPhase;
			buildActionMask = 2147483647;
			files = (
				2E18C96727B5A7710071CF07 /* ViewController.swift in Sources */,
				2E18C96327B5A7710071CF07 /* AppDelegate.swift in Sources */,
				2E18C96527B5A7710071CF07 /* SceneDelegate.swift in Sources */,
			);
			runOnlyForDeploymentPostprocessing = 0;
		};
		2E18C97127B5A7720071CF07 /* Sources */ = {
			isa = PBXSourcesBuildPhase;
			buildActionMask = 2147483647;
			files = (
				2E18C97A27B5A7720071CF07 /* CourseDisplayTests.swift in Sources */,
			);
			runOnlyForDeploymentPostprocessing = 0;
		};
		2E18C97B27B5A7720071CF07 /* Sources */ = {
			isa = PBXSourcesBuildPhase;
			buildActionMask = 2147483647;
			files = (
				2E18C98627B5A7720071CF07 /* CourseDisplayUITestsLaunchTests.swift in Sources */,
				2E18C98427B5A7720071CF07 /* CourseDisplayUITests.swift in Sources */,
			);
			runOnlyForDeploymentPostprocessing = 0;
		};
/* End PBXSourcesBuildPhase section */

/* Begin PBXTargetDependency section */
		2E18C97727B5A7720071CF07 /* PBXTargetDependency */ = {
			isa = PBXTargetDependency;
			target = 2E18C95E27B5A7710071CF07 /* CourseDisplay */;
			targetProxy = 2E18C97627B5A7720071CF07 /* PBXContainerItemProxy */;
		};
		2E18C98127B5A7720071CF07 /* PBXTargetDependency */ = {
			isa = PBXTargetDependency;
			target = 2E18C95E27B5A7710071CF07 /* CourseDisplay */;
			targetProxy = 2E18C98027B5A7720071CF07 /* PBXContainerItemProxy */;
		};
/* End PBXTargetDependency section */

/* Begin PBXVariantGroup section */
		2E18C96827B5A7710071CF07 /* Main.storyboard */ = {
			isa = PBXVariantGroup;
			children = (
				2E18C96927B5A7710071CF07 /* Base */,
			);
			name = Main.storyboard;
			sourceTree = "<group>";
		};
		2E18C96D27B5A7720071CF07 /* LaunchScreen.storyboard */ = {
			isa = PBXVariantGroup;
			children = (
				2E18C96E27B5A7720071CF07 /* Base */,
			);
			name = LaunchScreen.storyboard;
			sourceTree = "<group>";
		};
/* End PBXVariantGroup section */

/* Begin XCBuildConfiguration section */
		2E18C98727B5A7720071CF07 /* Debug */ = {
			isa = XCBuildConfiguration;
			buildSettings = {
				ALWAYS_SEARCH_USER_PATHS = NO;
				CLANG_ANALYZER_NONNULL = YES;
				CLANG_ANALYZER_NUMBER_OBJECT_CONVERSION = YES_AGGRESSIVE;
				CLANG_CXX_LANGUAGE_STANDARD = "gnu++17";
				CLANG_CXX_LIBRARY = "libc++";
				CLANG_ENABLE_MODULES = YES;
				CLANG_ENABLE_OBJC_ARC = YES;
				CLANG_ENABLE_OBJC_WEAK = YES;
				CLANG_WARN_BLOCK_CAPTURE_AUTORELEASING = YES;
				CLANG_WARN_BOOL_CONVERSION = YES;
				CLANG_WARN_COMMA = YES;
				CLANG_WARN_CONSTANT_CONVERSION = YES;
				CLANG_WARN_DEPRECATED_OBJC_IMPLEMENTATIONS = YES;
				CLANG_WARN_DIRECT_OBJC_ISA_USAGE = YES_ERROR;
				CLANG_WARN_DOCUMENTATION_COMMENTS = YES;
				CLANG_WARN_EMPTY_BODY = YES;
				CLANG_WARN_ENUM_CONVERSION = YES;
				CLANG_WARN_INFINITE_RECURSION = YES;
				CLANG_WARN_INT_CONVERSION = YES;
				CLANG_WARN_NON_LITERAL_NULL_CONVERSION = YES;
				CLANG_WARN_OBJC_IMPLICIT_RETAIN_SELF = YES;
				CLANG_WARN_OBJC_LITERAL_CONVERSION = YES;
				CLANG_WARN_OBJC_ROOT_CLASS = YES_ERROR;
				CLANG_WARN_QUOTED_INCLUDE_IN_FRAMEWORK_HEADER = YES;
				CLANG_WARN_RANGE_LOOP_ANALYSIS = YES;
				CLANG_WARN_STRICT_PROTOTYPES = YES;
				CLANG_WARN_SUSPICIOUS_MOVE = YES;
				CLANG_WARN_UNGUARDED_AVAILABILITY = YES_AGGRESSIVE;
				CLANG_WARN_UNREACHABLE_CODE = YES;
				CLANG_WARN__DUPLICATE_METHOD_MATCH = YES;
				COPY_PHASE_STRIP = NO;
				DEBUG_INFORMATION_FORMAT = dwarf;
				ENABLE_STRICT_OBJC_MSGSEND = YES;
				ENABLE_TESTABILITY = YES;
				GCC_C_LANGUAGE_STANDARD = gnu11;
				GCC_DYNAMIC_NO_PIC = NO;
				GCC_NO_COMMON_BLOCKS = YES;
				GCC_OPTIMIZATION_LEVEL = 0;
				GCC_PREPROCESSOR_DEFINITIONS = (
					"DEBUG=1",
					"$(inherited)",
				);
				GCC_WARN_64_TO_32_BIT_CONVERSION = YES;
				GCC_WARN_ABOUT_RETURN_TYPE = YES_ERROR;
				GCC_WARN_UNDECLARED_SELECTOR = YES;
				GCC_WARN_UNINITIALIZED_AUTOS = YES_AGGRESSIVE;
				GCC_WARN_UNUSED_FUNCTION = YES;
				GCC_WARN_UNUSED_VARIABLE = YES;
				IPHONEOS_DEPLOYMENT_TARGET = 15.2;
				MTL_ENABLE_DEBUG_INFO = INCLUDE_SOURCE;
				MTL_FAST_MATH = YES;
				ONLY_ACTIVE_ARCH = YES;
				SDKROOT = iphoneos;
				SWIFT_ACTIVE_COMPILATION_CONDITIONS = DEBUG;
				SWIFT_OPTIMIZATION_LEVEL = "-Onone";
			};
			name = Debug;
		};
		2E18C98827B5A7720071CF07 /* Release */ = {
			isa = XCBuildConfiguration;
			buildSettings = {
				ALWAYS_SEARCH_USER_PATHS = NO;
				CLANG_ANALYZER_NONNULL = YES;
				CLANG_ANALYZER_NUMBER_OBJECT_CONVERSION = YES_AGGRESSIVE;
				CLANG_CXX_LANGUAGE_STANDARD = "gnu++17";
				CLANG_CXX_LIBRARY = "libc++";
				CLANG_ENABLE_MODULES = YES;
				CLANG_ENABLE_OBJC_ARC = YES;
				CLANG_ENABLE_OBJC_WEAK = YES;
				CLANG_WARN_BLOCK_CAPTURE_AUTORELEASING = YES;
				CLANG_WARN_BOOL_CONVERSION = YES;
				CLANG_WARN_COMMA = YES;
				CLANG_WARN_CONSTANT_CONVERSION = YES;
				CLANG_WARN_DEPRECATED_OBJC_IMPLEMENTATIONS = YES;
				CLANG_WARN_DIRECT_OBJC_ISA_USAGE = YES_ERROR;
				CLANG_WARN_DOCUMENTATION_COMMENTS = YES;
				CLANG_WARN_EMPTY_BODY = YES;
				CLANG_WARN_ENUM_CONVERSION = YES;
				CLANG_WARN_INFINITE_RECURSION = YES;
				CLANG_WARN_INT_CONVERSION = YES;
				CLANG_WARN_NON_LITERAL_NULL_CONVERSION = YES;
				CLANG_WARN_OBJC_IMPLICIT_RETAIN_SELF = YES;
				CLANG_WARN_OBJC_LITERAL_CONVERSION = YES;
				CLANG_WARN_OBJC_ROOT_CLASS = YES_ERROR;
				CLANG_WARN_QUOTED_INCLUDE_IN_FRAMEWORK_HEADER = YES;
				CLANG_WARN_RANGE_LOOP_ANALYSIS = YES;
				CLANG_WARN_STRICT_PROTOTYPES = YES;
				CLANG_WARN_SUSPICIOUS_MOVE = YES;
				CLANG_WARN_UNGUARDED_AVAILABILITY = YES_AGGRESSIVE;
				CLANG_WARN_UNREACHABLE_CODE = YES;
				CLANG_WARN__DUPLICATE_METHOD_MATCH = YES;
				COPY_PHASE_STRIP = NO;
				DEBUG_INFORMATION_FORMAT = "dwarf-with-dsym";
				ENABLE_NS_ASSERTIONS = NO;
				ENABLE_STRICT_OBJC_MSGSEND = YES;
				GCC_C_LANGUAGE_STANDARD = gnu11;
				GCC_NO_COMMON_BLOCKS = YES;
				GCC_WARN_64_TO_32_BIT_CONVERSION = YES;
				GCC_WARN_ABOUT_RETURN_TYPE = YES_ERROR;
				GCC_WARN_UNDECLARED_SELECTOR = YES;
				GCC_WARN_UNINITIALIZED_AUTOS = YES_AGGRESSIVE;
				GCC_WARN_UNUSED_FUNCTION = YES;
				GCC_WARN_UNUSED_VARIABLE = YES;
				IPHONEOS_DEPLOYMENT_TARGET = 15.2;
				MTL_ENABLE_DEBUG_INFO = NO;
				MTL_FAST_MATH = YES;
				SDKROOT = iphoneos;
				SWIFT_COMPILATION_MODE = wholemodule;
				SWIFT_OPTIMIZATION_LEVEL = "-O";
				VALIDATE_PRODUCT = YES;
			};
			name = Release;
		};
		2E18C98A27B5A7720071CF07 /* Debug */ = {
			isa = XCBuildConfiguration;
			buildSettings = {
				ASSETCATALOG_COMPILER_APPICON_NAME = AppIcon;
				ASSETCATALOG_COMPILER_GLOBAL_ACCENT_COLOR_NAME = AccentColor;
				CODE_SIGN_STYLE = Automatic;
				CURRENT_PROJECT_VERSION = 1;
				GENERATE_INFOPLIST_FILE = YES;
				INFOPLIST_FILE = CourseDisplay/Info.plist;
				INFOPLIST_KEY_CFBundleDisplayName = CourseDisplayApp;
				INFOPLIST_KEY_UIApplicationSupportsIndirectInputEvents = YES;
				INFOPLIST_KEY_UILaunchStoryboardName = LaunchScreen;
				INFOPLIST_KEY_UIMainStoryboardFile = Main;
				INFOPLIST_KEY_UISupportedInterfaceOrientations_iPad = "UIInterfaceOrientationPortrait UIInterfaceOrientationPortraitUpsideDown UIInterfaceOrientationLandscapeLeft UIInterfaceOrientationLandscapeRight";
				INFOPLIST_KEY_UISupportedInterfaceOrientations_iPhone = "UIInterfaceOrientationPortrait UIInterfaceOrientationLandscapeLeft UIInterfaceOrientationLandscapeRight";
				LD_RUNPATH_SEARCH_PATHS = (
					"$(inherited)",
					"@executable_path/Frameworks",
				);
				MARKETING_VERSION = 1.0;
				PRODUCT_BUNDLE_IDENTIFIER = nwmsu.CourseDisplay;
				PRODUCT_NAME = "$(TARGET_NAME)";
				SWIFT_EMIT_LOC_STRINGS = YES;
				SWIFT_VERSION = 5.0;
				TARGETED_DEVICE_FAMILY = "1,2";
			};
			name = Debug;
		};
		2E18C98B27B5A7720071CF07 /* Release */ = {
			isa = XCBuildConfiguration;
			buildSettings = {
				ASSETCATALOG_COMPILER_APPICON_NAME = AppIcon;
				ASSETCATALOG_COMPILER_GLOBAL_ACCENT_COLOR_NAME = AccentColor;
				CODE_SIGN_STYLE = Automatic;
				CURRENT_PROJECT_VERSION = 1;
				GENERATE_INFOPLIST_FILE = YES;
				INFOPLIST_FILE = CourseDisplay/Info.plist;
				INFOPLIST_KEY_CFBundleDisplayName = CourseDisplayApp;
				INFOPLIST_KEY_UIApplicationSupportsIndirectInputEvents = YES;
				INFOPLIST_KEY_UILaunchStoryboardName = LaunchScreen;
				INFOPLIST_KEY_UIMainStoryboardFile = Main;
				INFOPLIST_KEY_UISupportedInterfaceOrientations_iPad = "UIInterfaceOrientationPortrait UIInterfaceOrientationPortraitUpsideDown UIInterfaceOrientationLandscapeLeft UIInterfaceOrientationLandscapeRight";
				INFOPLIST_KEY_UISupportedInterfaceOrientations_iPhone = "UIInterfaceOrientationPortrait UIInterfaceOrientationLandscapeLeft UIInterfaceOrientationLandscapeRight";
				LD_RUNPATH_SEARCH_PATHS = (
					"$(inherited)",
					"@executable_path/Frameworks",
				);
				MARKETING_VERSION = 1.0;
				PRODUCT_BUNDLE_IDENTIFIER = nwmsu.CourseDisplay;
				PRODUCT_NAME = "$(TARGET_NAME)";
				SWIFT_EMIT_LOC_STRINGS = YES;
				SWIFT_VERSION = 5.0;
				TARGETED_DEVICE_FAMILY = "1,2";
			};
			name = Release;
		};
		2E18C98D27B5A7730071CF07 /* Debug */ = {
			isa = XCBuildConfiguration;
			buildSettings = {
				ALWAYS_EMBED_SWIFT_STANDARD_LIBRARIES = YES;
				BUNDLE_LOADER = "$(TEST_HOST)";
				CODE_SIGN_STYLE = Automatic;
				CURRENT_PROJECT_VERSION = 1;
				GENERATE_INFOPLIST_FILE = YES;
				IPHONEOS_DEPLOYMENT_TARGET = 15.2;
				MARKETING_VERSION = 1.0;
				PRODUCT_BUNDLE_IDENTIFIER = nwmsu.CourseDisplayTests;
				PRODUCT_NAME = "$(TARGET_NAME)";
				SWIFT_EMIT_LOC_STRINGS = NO;
				SWIFT_VERSION = 5.0;
				TARGETED_DEVICE_FAMILY = "1,2";
				TEST_HOST = "$(BUILT_PRODUCTS_DIR)/CourseDisplay.app/CourseDisplay";
			};
			name = Debug;
		};
		2E18C98E27B5A7730071CF07 /* Release */ = {
			isa = XCBuildConfiguration;
			buildSettings = {
				ALWAYS_EMBED_SWIFT_STANDARD_LIBRARIES = YES;
				BUNDLE_LOADER = "$(TEST_HOST)";
				CODE_SIGN_STYLE = Automatic;
				CURRENT_PROJECT_VERSION = 1;
				GENERATE_INFOPLIST_FILE = YES;
				IPHONEOS_DEPLOYMENT_TARGET = 15.2;
				MARKETING_VERSION = 1.0;
				PRODUCT_BUNDLE_IDENTIFIER = nwmsu.CourseDisplayTests;
				PRODUCT_NAME = "$(TARGET_NAME)";
				SWIFT_EMIT_LOC_STRINGS = NO;
				SWIFT_VERSION = 5.0;
				TARGETED_DEVICE_FAMILY = "1,2";
				TEST_HOST = "$(BUILT_PRODUCTS_DIR)/CourseDisplay.app/CourseDisplay";
			};
			name = Release;
		};
		2E18C99027B5A7730071CF07 /* Debug */ = {
			isa = XCBuildConfiguration;
			buildSettings = {
				ALWAYS_EMBED_SWIFT_STANDARD_LIBRARIES = YES;
				CODE_SIGN_STYLE = Automatic;
				CURRENT_PROJECT_VERSION = 1;
				GENERATE_INFOPLIST_FILE = YES;
				MARKETING_VERSION = 1.0;
				PRODUCT_BUNDLE_IDENTIFIER = nwmsu.CourseDisplayUITests;
				PRODUCT_NAME = "$(TARGET_NAME)";
				SWIFT_EMIT_LOC_STRINGS = NO;
				SWIFT_VERSION = 5.0;
				TARGETED_DEVICE_FAMILY = "1,2";
				TEST_TARGET_NAME = CourseDisplay;
			};
			name = Debug;
		};
		2E18C99127B5A7730071CF07 /* Release */ = {
			isa = XCBuildConfiguration;
			buildSettings = {
				ALWAYS_EMBED_SWIFT_STANDARD_LIBRARIES = YES;
				CODE_SIGN_STYLE = Automatic;
				CURRENT_PROJECT_VERSION = 1;
				GENERATE_INFOPLIST_FILE = YES;
				MARKETING_VERSION = 1.0;
				PRODUCT_BUNDLE_IDENTIFIER = nwmsu.CourseDisplayUITests;
				PRODUCT_NAME = "$(TARGET_NAME)";
				SWIFT_EMIT_LOC_STRINGS = NO;
				SWIFT_VERSION = 5.0;
				TARGETED_DEVICE_FAMILY = "1,2";
				TEST_TARGET_NAME = CourseDisplay;
			};
			name = Release;
		};
/* End XCBuildConfiguration section */

/* Begin XCConfigurationList section */
		2E18C95A27B5A7710071CF07 /* Build configuration list for PBXProject "CourseDisplay" */ = {
			isa = XCConfigurationList;
			buildConfigurations = (
				2E18C98727B5A7720071CF07 /* Debug */,
				2E18C98827B5A7720071CF07 /* Release */,
			);
			defaultConfigurationIsVisible = 0;
			defaultConfigurationName = Release;
		};
		2E18C98927B5A7720071CF07 /* Build configuration list for PBXNativeTarget "CourseDisplay" */ = {
			isa = XCConfigurationList;
			buildConfigurations = (
				2E18C98A27B5A7720071CF07 /* Debug */,
				2E18C98B27B5A7720071CF07 /* Release */,
			);
			defaultConfigurationIsVisible = 0;
			defaultConfigurationName = Release;
		};
		2E18C98C27B5A7730071CF07 /* Build configuration list for PBXNativeTarget "CourseDisplayTests" */ = {
			isa = XCConfigurationList;
			buildConfigurations = (
				2E18C98D27B5A7730071CF07 /* Debug */,
				2E18C98E27B5A7730071CF07 /* Release */,
			);
			defaultConfigurationIsVisible = 0;
			defaultConfigurationName = Release;
		};
		2E18C98F27B5A7730071CF07 /* Build configuration list for PBXNativeTarget "CourseDisplayUITests" */ = {
			isa = XCConfigurationList;
			buildConfigurations = (
				2E18C99027B5A7730071CF07 /* Debug */,
				2E18C99127B5A7730071CF07 /* Release */,
			);
			defaultConfigurationIsVisible = 0;
			defaultConfigurationName = Release;
		};
/* End XCConfigurationList section */
	};
	rootObject = 2E18C95727B5A7710071CF07 /* Project object */;
}
