// !$*UTF8*$!
{
	archiveVersion = 1;
	classes = {
	};
	objectVersion = 55;
	objects = {

/* Begin PBXBuildFile section */
		2EF7194F27B30FD900FB1920 /* AppDelegate.swift in Sources */ = {isa = PBXBuildFile; fileRef = 2EF7194E27B30FD900FB1920 /* AppDelegate.swift */; };
		2EF7195127B30FD900FB1920 /* SceneDelegate.swift in Sources */ = {isa = PBXBuildFile; fileRef = 2EF7195027B30FD900FB1920 /* SceneDelegate.swift */; };
		2EF7195327B30FD900FB1920 /* ViewController.swift in Sources */ = {isa = PBXBuildFile; fileRef = 2EF7195227B30FD900FB1920 /* ViewController.swift */; };
		2EF7195627B30FD900FB1920 /* Main.storyboard in Resources */ = {isa = PBXBuildFile; fileRef = 2EF7195427B30FD900FB1920 /* Main.storyboard */; };
		2EF7195827B30FDA00FB1920 /* Assets.xcassets in Resources */ = {isa = PBXBuildFile; fileRef = 2EF7195727B30FDA00FB1920 /* Assets.xcassets */; };
		2EF7195B27B30FDA00FB1920 /* LaunchScreen.storyboard in Resources */ = {isa = PBXBuildFile; fileRef = 2EF7195927B30FDA00FB1920 /* LaunchScreen.storyboard */; };
		2EF7196627B30FDA00FB1920 /* MultiplesOfThreeTests.swift in Sources */ = {isa = PBXBuildFile; fileRef = 2EF7196527B30FDA00FB1920 /* MultiplesOfThreeTests.swift */; };
		2EF7197027B30FDA00FB1920 /* MultiplesOfThreeUITests.swift in Sources */ = {isa = PBXBuildFile; fileRef = 2EF7196F27B30FDA00FB1920 /* MultiplesOfThreeUITests.swift */; };
		2EF7197227B30FDA00FB1920 /* MultiplesOfThreeUITestsLaunchTests.swift in Sources */ = {isa = PBXBuildFile; fileRef = 2EF7197127B30FDA00FB1920 /* MultiplesOfThreeUITestsLaunchTests.swift */; };
/* End PBXBuildFile section */

/* Begin PBXContainerItemProxy section */
		2EF7196227B30FDA00FB1920 /* PBXContainerItemProxy */ = {
			isa = PBXContainerItemProxy;
			containerPortal = 2EF7194327B30FD900FB1920 /* Project object */;
			proxyType = 1;
			remoteGlobalIDString = 2EF7194A27B30FD900FB1920;
			remoteInfo = MultiplesOfThree;
		};
		2EF7196C27B30FDA00FB1920 /* PBXContainerItemProxy */ = {
			isa = PBXContainerItemProxy;
			containerPortal = 2EF7194327B30FD900FB1920 /* Project object */;
			proxyType = 1;
			remoteGlobalIDString = 2EF7194A27B30FD900FB1920;
			remoteInfo = MultiplesOfThree;
		};
/* End PBXContainerItemProxy section */

/* Begin PBXFileReference section */
		2EF7194B27B30FD900FB1920 /* MultiplesOfThree.app */ = {isa = PBXFileReference; explicitFileType = wrapper.application; includeInIndex = 0; path = MultiplesOfThree.app; sourceTree = BUILT_PRODUCTS_DIR; };
		2EF7194E27B30FD900FB1920 /* AppDelegate.swift */ = {isa = PBXFileReference; lastKnownFileType = sourcecode.swift; path = AppDelegate.swift; sourceTree = "<group>"; };
		2EF7195027B30FD900FB1920 /* SceneDelegate.swift */ = {isa = PBXFileReference; lastKnownFileType = sourcecode.swift; path = SceneDelegate.swift; sourceTree = "<group>"; };
		2EF7195227B30FD900FB1920 /* ViewController.swift */ = {isa = PBXFileReference; lastKnownFileType = sourcecode.swift; path = ViewController.swift; sourceTree = "<group>"; };
		2EF7195527B30FD900FB1920 /* Base */ = {isa = PBXFileReference; lastKnownFileType = file.storyboard; name = Base; path = Base.lproj/Main.storyboard; sourceTree = "<group>"; };
		2EF7195727B30FDA00FB1920 /* Assets.xcassets */ = {isa = PBXFileReference; lastKnownFileType = folder.assetcatalog; path = Assets.xcassets; sourceTree = "<group>"; };
		2EF7195A27B30FDA00FB1920 /* Base */ = {isa = PBXFileReference; lastKnownFileType = file.storyboard; name = Base; path = Base.lproj/LaunchScreen.storyboard; sourceTree = "<group>"; };
		2EF7195C27B30FDA00FB1920 /* Info.plist */ = {isa = PBXFileReference; lastKnownFileType = text.plist.xml; path = Info.plist; sourceTree = "<group>"; };
		2EF7196127B30FDA00FB1920 /* MultiplesOfThreeTests.xctest */ = {isa = PBXFileReference; explicitFileType = wrapper.cfbundle; includeInIndex = 0; path = MultiplesOfThreeTests.xctest; sourceTree = BUILT_PRODUCTS_DIR; };
		2EF7196527B30FDA00FB1920 /* MultiplesOfThreeTests.swift */ = {isa = PBXFileReference; lastKnownFileType = sourcecode.swift; path = MultiplesOfThreeTests.swift; sourceTree = "<group>"; };
		2EF7196B27B30FDA00FB1920 /* MultiplesOfThreeUITests.xctest */ = {isa = PBXFileReference; explicitFileType = wrapper.cfbundle; includeInIndex = 0; path = MultiplesOfThreeUITests.xctest; sourceTree = BUILT_PRODUCTS_DIR; };
		2EF7196F27B30FDA00FB1920 /* MultiplesOfThreeUITests.swift */ = {isa = PBXFileReference; lastKnownFileType = sourcecode.swift; path = MultiplesOfThreeUITests.swift; sourceTree = "<group>"; };
		2EF7197127B30FDA00FB1920 /* MultiplesOfThreeUITestsLaunchTests.swift */ = {isa = PBXFileReference; lastKnownFileType = sourcecode.swift; path = MultiplesOfThreeUITestsLaunchTests.swift; sourceTree = "<group>"; };
/* End PBXFileReference section */

/* Begin PBXFrameworksBuildPhase section */
		2EF7194827B30FD900FB1920 /* Frameworks */ = {
			isa = PBXFrameworksBuildPhase;
			buildActionMask = 2147483647;
			files = (
			);
			runOnlyForDeploymentPostprocessing = 0;
		};
		2EF7195E27B30FDA00FB1920 /* Frameworks */ = {
			isa = PBXFrameworksBuildPhase;
			buildActionMask = 2147483647;
			files = (
			);
			runOnlyForDeploymentPostprocessing = 0;
		};
		2EF7196827B30FDA00FB1920 /* Frameworks */ = {
			isa = PBXFrameworksBuildPhase;
			buildActionMask = 2147483647;
			files = (
			);
			runOnlyForDeploymentPostprocessing = 0;
		};
/* End PBXFrameworksBuildPhase section */

/* Begin PBXGroup section */
		2EF7194227B30FD900FB1920 = {
			isa = PBXGroup;
			children = (
				2EF7194D27B30FD900FB1920 /* MultiplesOfThree */,
				2EF7196427B30FDA00FB1920 /* MultiplesOfThreeTests */,
				2EF7196E27B30FDA00FB1920 /* MultiplesOfThreeUITests */,
				2EF7194C27B30FD900FB1920 /* Products */,
			);
			sourceTree = "<group>";
		};
		2EF7194C27B30FD900FB1920 /* Products */ = {
			isa = PBXGroup;
			children = (
				2EF7194B27B30FD900FB1920 /* MultiplesOfThree.app */,
				2EF7196127B30FDA00FB1920 /* MultiplesOfThreeTests.xctest */,
				2EF7196B27B30FDA00FB1920 /* MultiplesOfThreeUITests.xctest */,
			);
			name = Products;
			sourceTree = "<group>";
		};
		2EF7194D27B30FD900FB1920 /* MultiplesOfThree */ = {
			isa = PBXGroup;
			children = (
				2EF7194E27B30FD900FB1920 /* AppDelegate.swift */,
				2EF7195027B30FD900FB1920 /* SceneDelegate.swift */,
				2EF7195227B30FD900FB1920 /* ViewController.swift */,
				2EF7195427B30FD900FB1920 /* Main.storyboard */,
				2EF7195727B30FDA00FB1920 /* Assets.xcassets */,
				2EF7195927B30FDA00FB1920 /* LaunchScreen.storyboard */,
				2EF7195C27B30FDA00FB1920 /* Info.plist */,
			);
			path = MultiplesOfThree;
			sourceTree = "<group>";
		};
		2EF7196427B30FDA00FB1920 /* MultiplesOfThreeTests */ = {
			isa = PBXGroup;
			children = (
				2EF7196527B30FDA00FB1920 /* MultiplesOfThreeTests.swift */,
			);
			path = MultiplesOfThreeTests;
			sourceTree = "<group>";
		};
		2EF7196E27B30FDA00FB1920 /* MultiplesOfThreeUITests */ = {
			isa = PBXGroup;
			children = (
				2EF7196F27B30FDA00FB1920 /* MultiplesOfThreeUITests.swift */,
				2EF7197127B30FDA00FB1920 /* MultiplesOfThreeUITestsLaunchTests.swift */,
			);
			path = MultiplesOfThreeUITests;
			sourceTree = "<group>";
		};
/* End PBXGroup section */

/* Begin PBXNativeTarget section */
		2EF7194A27B30FD900FB1920 /* MultiplesOfThree */ = {
			isa = PBXNativeTarget;
			buildConfigurationList = 2EF7197527B30FDA00FB1920 /* Build configuration list for PBXNativeTarget "MultiplesOfThree" */;
			buildPhases = (
				2EF7194727B30FD900FB1920 /* Sources */,
				2EF7194827B30FD900FB1920 /* Frameworks */,
				2EF7194927B30FD900FB1920 /* Resources */,
			);
			buildRules = (
			);
			dependencies = (
			);
			name = MultiplesOfThree;
			productName = MultiplesOfThree;
			productReference = 2EF7194B27B30FD900FB1920 /* MultiplesOfThree.app */;
			productType = "com.apple.product-type.application";
		};
		2EF7196027B30FDA00FB1920 /* MultiplesOfThreeTests */ = {
			isa = PBXNativeTarget;
			buildConfigurationList = 2EF7197827B30FDA00FB1920 /* Build configuration list for PBXNativeTarget "MultiplesOfThreeTests" */;
			buildPhases = (
				2EF7195D27B30FDA00FB1920 /* Sources */,
				2EF7195E27B30FDA00FB1920 /* Frameworks */,
				2EF7195F27B30FDA00FB1920 /* Resources */,
			);
			buildRules = (
			);
			dependencies = (
				2EF7196327B30FDA00FB1920 /* PBXTargetDependency */,
			);
			name = MultiplesOfThreeTests;
			productName = MultiplesOfThreeTests;
			productReference = 2EF7196127B30FDA00FB1920 /* MultiplesOfThreeTests.xctest */;
			productType = "com.apple.product-type.bundle.unit-test";
		};
		2EF7196A27B30FDA00FB1920 /* MultiplesOfThreeUITests */ = {
			isa = PBXNativeTarget;
			buildConfigurationList = 2EF7197B27B30FDA00FB1920 /* Build configuration list for PBXNativeTarget "MultiplesOfThreeUITests" */;
			buildPhases = (
				2EF7196727B30FDA00FB1920 /* Sources */,
				2EF7196827B30FDA00FB1920 /* Frameworks */,
				2EF7196927B30FDA00FB1920 /* Resources */,
			);
			buildRules = (
			);
			dependencies = (
				2EF7196D27B30FDA00FB1920 /* PBXTargetDependency */,
			);
			name = MultiplesOfThreeUITests;
			productName = MultiplesOfThreeUITests;
			productReference = 2EF7196B27B30FDA00FB1920 /* MultiplesOfThreeUITests.xctest */;
			productType = "com.apple.product-type.bundle.ui-testing";
		};
/* End PBXNativeTarget section */

/* Begin PBXProject section */
		2EF7194327B30FD900FB1920 /* Project object */ = {
			isa = PBXProject;
			attributes = {
				BuildIndependentTargetsInParallel = 1;
				LastSwiftUpdateCheck = 1320;
				LastUpgradeCheck = 1320;
				TargetAttributes = {
					2EF7194A27B30FD900FB1920 = {
						CreatedOnToolsVersion = 13.2.1;
					};
					2EF7196027B30FDA00FB1920 = {
						CreatedOnToolsVersion = 13.2.1;
						TestTargetID = 2EF7194A27B30FD900FB1920;
					};
					2EF7196A27B30FDA00FB1920 = {
						CreatedOnToolsVersion = 13.2.1;
						TestTargetID = 2EF7194A27B30FD900FB1920;
					};
				};
			};
			buildConfigurationList = 2EF7194627B30FD900FB1920 /* Build configuration list for PBXProject "MultiplesOfThree" */;
			compatibilityVersion = "Xcode 13.0";
			developmentRegion = en;
			hasScannedForEncodings = 0;
			knownRegions = (
				en,
				Base,
			);
			mainGroup = 2EF7194227B30FD900FB1920;
			productRefGroup = 2EF7194C27B30FD900FB1920 /* Products */;
			projectDirPath = "";
			projectRoot = "";
			targets = (
				2EF7194A27B30FD900FB1920 /* MultiplesOfThree */,
				2EF7196027B30FDA00FB1920 /* MultiplesOfThreeTests */,
				2EF7196A27B30FDA00FB1920 /* MultiplesOfThreeUITests */,
			);
		};
/* End PBXProject section */

/* Begin PBXResourcesBuildPhase section */
		2EF7194927B30FD900FB1920 /* Resources */ = {
			isa = PBXResourcesBuildPhase;
			buildActionMask = 2147483647;
			files = (
				2EF7195B27B30FDA00FB1920 /* LaunchScreen.storyboard in Resources */,
				2EF7195827B30FDA00FB1920 /* Assets.xcassets in Resources */,
				2EF7195627B30FD900FB1920 /* Main.storyboard in Resources */,
			);
			runOnlyForDeploymentPostprocessing = 0;
		};
		2EF7195F27B30FDA00FB1920 /* Resources */ = {
			isa = PBXResourcesBuildPhase;
			buildActionMask = 2147483647;
			files = (
			);
			runOnlyForDeploymentPostprocessing = 0;
		};
		2EF7196927B30FDA00FB1920 /* Resources */ = {
			isa = PBXResourcesBuildPhase;
			buildActionMask = 2147483647;
			files = (
			);
			runOnlyForDeploymentPostprocessing = 0;
		};
/* End PBXResourcesBuildPhase section */

/* Begin PBXSourcesBuildPhase section */
		2EF7194727B30FD900FB1920 /* Sources */ = {
			isa = PBXSourcesBuildPhase;
			buildActionMask = 2147483647;
			files = (
				2EF7195327B30FD900FB1920 /* ViewController.swift in Sources */,
				2EF7194F27B30FD900FB1920 /* AppDelegate.swift in Sources */,
				2EF7195127B30FD900FB1920 /* SceneDelegate.swift in Sources */,
			);
			runOnlyForDeploymentPostprocessing = 0;
		};
		2EF7195D27B30FDA00FB1920 /* Sources */ = {
			isa = PBXSourcesBuildPhase;
			buildActionMask = 2147483647;
			files = (
				2EF7196627B30FDA00FB1920 /* MultiplesOfThreeTests.swift in Sources */,
			);
			runOnlyForDeploymentPostprocessing = 0;
		};
		2EF7196727B30FDA00FB1920 /* Sources */ = {
			isa = PBXSourcesBuildPhase;
			buildActionMask = 2147483647;
			files = (
				2EF7197227B30FDA00FB1920 /* MultiplesOfThreeUITestsLaunchTests.swift in Sources */,
				2EF7197027B30FDA00FB1920 /* MultiplesOfThreeUITests.swift in Sources */,
			);
			runOnlyForDeploymentPostprocessing = 0;
		};
/* End PBXSourcesBuildPhase section */

/* Begin PBXTargetDependency section */
		2EF7196327B30FDA00FB1920 /* PBXTargetDependency */ = {
			isa = PBXTargetDependency;
			target = 2EF7194A27B30FD900FB1920 /* MultiplesOfThree */;
			targetProxy = 2EF7196227B30FDA00FB1920 /* PBXContainerItemProxy */;
		};
		2EF7196D27B30FDA00FB1920 /* PBXTargetDependency */ = {
			isa = PBXTargetDependency;
			target = 2EF7194A27B30FD900FB1920 /* MultiplesOfThree */;
			targetProxy = 2EF7196C27B30FDA00FB1920 /* PBXContainerItemProxy */;
		};
/* End PBXTargetDependency section */

/* Begin PBXVariantGroup section */
		2EF7195427B30FD900FB1920 /* Main.storyboard */ = {
			isa = PBXVariantGroup;
			children = (
				2EF7195527B30FD900FB1920 /* Base */,
			);
			name = Main.storyboard;
			sourceTree = "<group>";
		};
		2EF7195927B30FDA00FB1920 /* LaunchScreen.storyboard */ = {
			isa = PBXVariantGroup;
			children = (
				2EF7195A27B30FDA00FB1920 /* Base */,
			);
			name = LaunchScreen.storyboard;
			sourceTree = "<group>";
		};
/* End PBXVariantGroup section */

/* Begin XCBuildConfiguration section */
		2EF7197327B30FDA00FB1920 /* Debug */ = {
			isa = XCBuildConfiguration;
			buildSettings = {
				ALWAYS_SEARCH_USER_PATHS = NO;
				CLANG_ANALYZER_NONNULL = YES;
				CLANG_ANALYZER_NUMBER_OBJECT_CONVERSION = YES_AGGRESSIVE;
				CLANG_CXX_LANGUAGE_STANDARD = "gnu++17";
				CLANG_CXX_LIBRARY = "libc++";
				CLANG_ENABLE_MODULES = YES;
				CLANG_ENABLE_OBJC_ARC = YES;
				CLANG_ENABLE_OBJC_WEAK = YES;
				CLANG_WARN_BLOCK_CAPTURE_AUTORELEASING = YES;
				CLANG_WARN_BOOL_CONVERSION = YES;
				CLANG_WARN_COMMA = YES;
				CLANG_WARN_CONSTANT_CONVERSION = YES;
				CLANG_WARN_DEPRECATED_OBJC_IMPLEMENTATIONS = YES;
				CLANG_WARN_DIRECT_OBJC_ISA_USAGE = YES_ERROR;
				CLANG_WARN_DOCUMENTATION_COMMENTS = YES;
				CLANG_WARN_EMPTY_BODY = YES;
				CLANG_WARN_ENUM_CONVERSION = YES;
				CLANG_WARN_INFINITE_RECURSION = YES;
				CLANG_WARN_INT_CONVERSION = YES;
				CLANG_WARN_NON_LITERAL_NULL_CONVERSION = YES;
				CLANG_WARN_OBJC_IMPLICIT_RETAIN_SELF = YES;
				CLANG_WARN_OBJC_LITERAL_CONVERSION = YES;
				CLANG_WARN_OBJC_ROOT_CLASS = YES_ERROR;
				CLANG_WARN_QUOTED_INCLUDE_IN_FRAMEWORK_HEADER = YES;
				CLANG_WARN_RANGE_LOOP_ANALYSIS = YES;
				CLANG_WARN_STRICT_PROTOTYPES = YES;
				CLANG_WARN_SUSPICIOUS_MOVE = YES;
				CLANG_WARN_UNGUARDED_AVAILABILITY = YES_AGGRESSIVE;
				CLANG_WARN_UNREACHABLE_CODE = YES;
				CLANG_WARN__DUPLICATE_METHOD_MATCH = YES;
				COPY_PHASE_STRIP = NO;
				DEBUG_INFORMATION_FORMAT = dwarf;
				ENABLE_STRICT_OBJC_MSGSEND = YES;
				ENABLE_TESTABILITY = YES;
				GCC_C_LANGUAGE_STANDARD = gnu11;
				GCC_DYNAMIC_NO_PIC = NO;
				GCC_NO_COMMON_BLOCKS = YES;
				GCC_OPTIMIZATION_LEVEL = 0;
				GCC_PREPROCESSOR_DEFINITIONS = (
					"DEBUG=1",
					"$(inherited)",
				);
				GCC_WARN_64_TO_32_BIT_CONVERSION = YES;
				GCC_WARN_ABOUT_RETURN_TYPE = YES_ERROR;
				GCC_WARN_UNDECLARED_SELECTOR = YES;
				GCC_WARN_UNINITIALIZED_AUTOS = YES_AGGRESSIVE;
				GCC_WARN_UNUSED_FUNCTION = YES;
				GCC_WARN_UNUSED_VARIABLE = YES;
				IPHONEOS_DEPLOYMENT_TARGET = 15.2;
				MTL_ENABLE_DEBUG_INFO = INCLUDE_SOURCE;
				MTL_FAST_MATH = YES;
				ONLY_ACTIVE_ARCH = YES;
				SDKROOT = iphoneos;
				SWIFT_ACTIVE_COMPILATION_CONDITIONS = DEBUG;
				SWIFT_OPTIMIZATION_LEVEL = "-Onone";
			};
			name = Debug;
		};
		2EF7197427B30FDA00FB1920 /* Release */ = {
			isa = XCBuildConfiguration;
			buildSettings = {
				ALWAYS_SEARCH_USER_PATHS = NO;
				CLANG_ANALYZER_NONNULL = YES;
				CLANG_ANALYZER_NUMBER_OBJECT_CONVERSION = YES_AGGRESSIVE;
				CLANG_CXX_LANGUAGE_STANDARD = "gnu++17";
				CLANG_CXX_LIBRARY = "libc++";
				CLANG_ENABLE_MODULES = YES;
				CLANG_ENABLE_OBJC_ARC = YES;
				CLANG_ENABLE_OBJC_WEAK = YES;
				CLANG_WARN_BLOCK_CAPTURE_AUTORELEASING = YES;
				CLANG_WARN_BOOL_CONVERSION = YES;
				CLANG_WARN_COMMA = YES;
				CLANG_WARN_CONSTANT_CONVERSION = YES;
				CLANG_WARN_DEPRECATED_OBJC_IMPLEMENTATIONS = YES;
				CLANG_WARN_DIRECT_OBJC_ISA_USAGE = YES_ERROR;
				CLANG_WARN_DOCUMENTATION_COMMENTS = YES;
				CLANG_WARN_EMPTY_BODY = YES;
				CLANG_WARN_ENUM_CONVERSION = YES;
				CLANG_WARN_INFINITE_RECURSION = YES;
				CLANG_WARN_INT_CONVERSION = YES;
				CLANG_WARN_NON_LITERAL_NULL_CONVERSION = YES;
				CLANG_WARN_OBJC_IMPLICIT_RETAIN_SELF = YES;
				CLANG_WARN_OBJC_LITERAL_CONVERSION = YES;
				CLANG_WARN_OBJC_ROOT_CLASS = YES_ERROR;
				CLANG_WARN_QUOTED_INCLUDE_IN_FRAMEWORK_HEADER = YES;
				CLANG_WARN_RANGE_LOOP_ANALYSIS = YES;
				CLANG_WARN_STRICT_PROTOTYPES = YES;
				CLANG_WARN_SUSPICIOUS_MOVE = YES;
				CLANG_WARN_UNGUARDED_AVAILABILITY = YES_AGGRESSIVE;
				CLANG_WARN_UNREACHABLE_CODE = YES;
				CLANG_WARN__DUPLICATE_METHOD_MATCH = YES;
				COPY_PHASE_STRIP = NO;
				DEBUG_INFORMATION_FORMAT = "dwarf-with-dsym";
				ENABLE_NS_ASSERTIONS = NO;
				ENABLE_STRICT_OBJC_MSGSEND = YES;
				GCC_C_LANGUAGE_STANDARD = gnu11;
				GCC_NO_COMMON_BLOCKS = YES;
				GCC_WARN_64_TO_32_BIT_CONVERSION = YES;
				GCC_WARN_ABOUT_RETURN_TYPE = YES_ERROR;
				GCC_WARN_UNDECLARED_SELECTOR = YES;
				GCC_WARN_UNINITIALIZED_AUTOS = YES_AGGRESSIVE;
				GCC_WARN_UNUSED_FUNCTION = YES;
				GCC_WARN_UNUSED_VARIABLE = YES;
				IPHONEOS_DEPLOYMENT_TARGET = 15.2;
				MTL_ENABLE_DEBUG_INFO = NO;
				MTL_FAST_MATH = YES;
				SDKROOT = iphoneos;
				SWIFT_COMPILATION_MODE = wholemodule;
				SWIFT_OPTIMIZATION_LEVEL = "-O";
				VALIDATE_PRODUCT = YES;
			};
			name = Release;
		};
		2EF7197627B30FDA00FB1920 /* Debug */ = {
			isa = XCBuildConfiguration;
			buildSettings = {
				ASSETCATALOG_COMPILER_APPICON_NAME = AppIcon;
				ASSETCATALOG_COMPILER_GLOBAL_ACCENT_COLOR_NAME = AccentColor;
				CODE_SIGN_STYLE = Automatic;
				CURRENT_PROJECT_VERSION = 1;
				GENERATE_INFOPLIST_FILE = YES;
				INFOPLIST_FILE = MultiplesOfThree/Info.plist;
				INFOPLIST_KEY_CFBundleDisplayName = MultiplesOfThree;
				INFOPLIST_KEY_UIApplicationSupportsIndirectInputEvents = YES;
				INFOPLIST_KEY_UILaunchStoryboardName = LaunchScreen;
				INFOPLIST_KEY_UIMainStoryboardFile = Main;
				INFOPLIST_KEY_UISupportedInterfaceOrientations_iPad = "UIInterfaceOrientationPortrait UIInterfaceOrientationPortraitUpsideDown UIInterfaceOrientationLandscapeLeft UIInterfaceOrientationLandscapeRight";
				INFOPLIST_KEY_UISupportedInterfaceOrientations_iPhone = "UIInterfaceOrientationPortrait UIInterfaceOrientationLandscapeLeft UIInterfaceOrientationLandscapeRight";
				LD_RUNPATH_SEARCH_PATHS = (
					"$(inherited)",
					"@executable_path/Frameworks",
				);
				MARKETING_VERSION = 1.0;
				PRODUCT_BUNDLE_IDENTIFIER = nwmsu.MultiplesOfThree;
				PRODUCT_NAME = "$(TARGET_NAME)";
				SWIFT_EMIT_LOC_STRINGS = YES;
				SWIFT_VERSION = 5.0;
				TARGETED_DEVICE_FAMILY = "1,2";
			};
			name = Debug;
		};
		2EF7197727B30FDA00FB1920 /* Release */ = {
			isa = XCBuildConfiguration;
			buildSettings = {
				ASSETCATALOG_COMPILER_APPICON_NAME = AppIcon;
				ASSETCATALOG_COMPILER_GLOBAL_ACCENT_COLOR_NAME = AccentColor;
				CODE_SIGN_STYLE = Automatic;
				CURRENT_PROJECT_VERSION = 1;
				GENERATE_INFOPLIST_FILE = YES;
				INFOPLIST_FILE = MultiplesOfThree/Info.plist;
				INFOPLIST_KEY_CFBundleDisplayName = MultiplesOfThree;
				INFOPLIST_KEY_UIApplicationSupportsIndirectInputEvents = YES;
				INFOPLIST_KEY_UILaunchStoryboardName = LaunchScreen;
				INFOPLIST_KEY_UIMainStoryboardFile = Main;
				INFOPLIST_KEY_UISupportedInterfaceOrientations_iPad = "UIInterfaceOrientationPortrait UIInterfaceOrientationPortraitUpsideDown UIInterfaceOrientationLandscapeLeft UIInterfaceOrientationLandscapeRight";
				INFOPLIST_KEY_UISupportedInterfaceOrientations_iPhone = "UIInterfaceOrientationPortrait UIInterfaceOrientationLandscapeLeft UIInterfaceOrientationLandscapeRight";
				LD_RUNPATH_SEARCH_PATHS = (
					"$(inherited)",
					"@executable_path/Frameworks",
				);
				MARKETING_VERSION = 1.0;
				PRODUCT_BUNDLE_IDENTIFIER = nwmsu.MultiplesOfThree;
				PRODUCT_NAME = "$(TARGET_NAME)";
				SWIFT_EMIT_LOC_STRINGS = YES;
				SWIFT_VERSION = 5.0;
				TARGETED_DEVICE_FAMILY = "1,2";
			};
			name = Release;
		};
		2EF7197927B30FDA00FB1920 /* Debug */ = {
			isa = XCBuildConfiguration;
			buildSettings = {
				ALWAYS_EMBED_SWIFT_STANDARD_LIBRARIES = YES;
				BUNDLE_LOADER = "$(TEST_HOST)";
				CODE_SIGN_STYLE = Automatic;
				CURRENT_PROJECT_VERSION = 1;
				GENERATE_INFOPLIST_FILE = YES;
				IPHONEOS_DEPLOYMENT_TARGET = 15.2;
				MARKETING_VERSION = 1.0;
				PRODUCT_BUNDLE_IDENTIFIER = nwmsu.MultiplesOfThreeTests;
				PRODUCT_NAME = "$(TARGET_NAME)";
				SWIFT_EMIT_LOC_STRINGS = NO;
				SWIFT_VERSION = 5.0;
				TARGETED_DEVICE_FAMILY = "1,2";
				TEST_HOST = "$(BUILT_PRODUCTS_DIR)/MultiplesOfThree.app/MultiplesOfThree";
			};
			name = Debug;
		};
		2EF7197A27B30FDA00FB1920 /* Release */ = {
			isa = XCBuildConfiguration;
			buildSettings = {
				ALWAYS_EMBED_SWIFT_STANDARD_LIBRARIES = YES;
				BUNDLE_LOADER = "$(TEST_HOST)";
				CODE_SIGN_STYLE = Automatic;
				CURRENT_PROJECT_VERSION = 1;
				GENERATE_INFOPLIST_FILE = YES;
				IPHONEOS_DEPLOYMENT_TARGET = 15.2;
				MARKETING_VERSION = 1.0;
				PRODUCT_BUNDLE_IDENTIFIER = nwmsu.MultiplesOfThreeTests;
				PRODUCT_NAME = "$(TARGET_NAME)";
				SWIFT_EMIT_LOC_STRINGS = NO;
				SWIFT_VERSION = 5.0;
				TARGETED_DEVICE_FAMILY = "1,2";
				TEST_HOST = "$(BUILT_PRODUCTS_DIR)/MultiplesOfThree.app/MultiplesOfThree";
			};
			name = Release;
		};
		2EF7197C27B30FDA00FB1920 /* Debug */ = {
			isa = XCBuildConfiguration;
			buildSettings = {
				ALWAYS_EMBED_SWIFT_STANDARD_LIBRARIES = YES;
				CODE_SIGN_STYLE = Automatic;
				CURRENT_PROJECT_VERSION = 1;
				GENERATE_INFOPLIST_FILE = YES;
				MARKETING_VERSION = 1.0;
				PRODUCT_BUNDLE_IDENTIFIER = nwmsu.MultiplesOfThreeUITests;
				PRODUCT_NAME = "$(TARGET_NAME)";
				SWIFT_EMIT_LOC_STRINGS = NO;
				SWIFT_VERSION = 5.0;
				TARGETED_DEVICE_FAMILY = "1,2";
				TEST_TARGET_NAME = MultiplesOfThree;
			};
			name = Debug;
		};
		2EF7197D27B30FDA00FB1920 /* Release */ = {
			isa = XCBuildConfiguration;
			buildSettings = {
				ALWAYS_EMBED_SWIFT_STANDARD_LIBRARIES = YES;
				CODE_SIGN_STYLE = Automatic;
				CURRENT_PROJECT_VERSION = 1;
				GENERATE_INFOPLIST_FILE = YES;
				MARKETING_VERSION = 1.0;
				PRODUCT_BUNDLE_IDENTIFIER = nwmsu.MultiplesOfThreeUITests;
				PRODUCT_NAME = "$(TARGET_NAME)";
				SWIFT_EMIT_LOC_STRINGS = NO;
				SWIFT_VERSION = 5.0;
				TARGETED_DEVICE_FAMILY = "1,2";
				TEST_TARGET_NAME = MultiplesOfThree;
			};
			name = Release;
		};
/* End XCBuildConfiguration section */

/* Begin XCConfigurationList section */
		2EF7194627B30FD900FB1920 /* Build configuration list for PBXProject "MultiplesOfThree" */ = {
			isa = XCConfigurationList;
			buildConfigurations = (
				2EF7197327B30FDA00FB1920 /* Debug */,
				2EF7197427B30FDA00FB1920 /* Release */,
			);
			defaultConfigurationIsVisible = 0;
			defaultConfigurationName = Release;
		};
		2EF7197527B30FDA00FB1920 /* Build configuration list for PBXNativeTarget "MultiplesOfThree" */ = {
			isa = XCConfigurationList;
			buildConfigurations = (
				2EF7197627B30FDA00FB1920 /* Debug */,
				2EF7197727B30FDA00FB1920 /* Release */,
			);
			defaultConfigurationIsVisible = 0;
			defaultConfigurationName = Release;
		};
		2EF7197827B30FDA00FB1920 /* Build configuration list for PBXNativeTarget "MultiplesOfThreeTests" */ = {
			isa = XCConfigurationList;
			buildConfigurations = (
				2EF7197927B30FDA00FB1920 /* Debug */,
				2EF7197A27B30FDA00FB1920 /* Release */,
			);
			defaultConfigurationIsVisible = 0;
			defaultConfigurationName = Release;
		};
		2EF7197B27B30FDA00FB1920 /* Build configuration list for PBXNativeTarget "MultiplesOfThreeUITests" */ = {
			isa = XCConfigurationList;
			buildConfigurations = (
				2EF7197C27B30FDA00FB1920 /* Debug */,
				2EF7197D27B30FDA00FB1920 /* Release */,
			);
			defaultConfigurationIsVisible = 0;
			defaultConfigurationName = Release;
		};
/* End XCConfigurationList section */
	};
	rootObject = 2EF7194327B30FD900FB1920 /* Project object */;
}
